
Microsoft Visual Studio Solution File, Format Version 12.00
# Visual Studio Version 17
VisualStudioVersion = 17.6.33815.320
MinimumVisualStudioVersion = 10.0.40219.1
Project("{FAE04EC0-301F-11D3-BF4B-00C04F79EFBC}") = "AlarmClock", "AlarmClock\AlarmClock.csproj", "{A5D5FDD2-A892-4C67-9065-E901BF344261}"
EndProject
Global
	GlobalSection(SolutionConfigurationPlatforms) = preSolution
		Debug|Any CPU = Debug|Any CPU
		Release|Any CPU = Release|Any CPU
	EndGlobalSection
	GlobalSection(ProjectConfigurationPlatforms) = postSolution
		{A5D5FDD2-A892-4C67-9065-E901BF344261}.Debug|Any CPU.ActiveCfg = Debug|Any CPU
		{A5D5FDD2-A892-4C67-9065-E901BF344261}.Debug|Any CPU.Build.0 = Debug|Any CPU
		{A5D5FDD2-A892-4C67-9065-E901BF344261}.Release|Any CPU.ActiveCfg = Release|Any CPU
		{A5D5FDD2-A892-4C67-9065-E901BF344261}.Release|Any CPU.Build.0 = Release|Any CPU
	EndGlobalSection
	GlobalSection(SolutionProperties) = preSolution
		HideSolutionNode = FALSE
	EndGlobalSection
	GlobalSection(ExtensibilityGlobals) = postSolution
		SolutionGuid = {278E594D-1787-4C86-9329-5B8E0E2F313A}
	EndGlobalSection
EndGlobal
